// !$*UTF8*$!
{
	archiveVersion = 1;
	classes = {
	};
	objectVersion = 56;
	objects = {

/* Begin PBXBuildFile section */
		260BA3C42BA4663D0080A6CC /* LogoView.swift in Sources */ = {isa = PBXBuildFile; fileRef = 260BA3C32BA4663D0080A6CC /* LogoView.swift */; };
		260BA3C62BA46A700080A6CC /* ResultView.swift in Sources */ = {isa = PBXBuildFile; fileRef = 260BA3C52BA46A700080A6CC /* ResultView.swift */; };
		260BA3C82BA46A900080A6CC /* BillIntpuView.swift in Sources */ = {isa = PBXBuildFile; fileRef = 260BA3C72BA46A900080A6CC /* BillIntpuView.swift */; };
		260BA3CA2BA46AB40080A6CC /* TipInputView.swift in Sources */ = {isa = PBXBuildFile; fileRef = 260BA3C92BA46AB40080A6CC /* TipInputView.swift */; };
		260BA3CC2BA46AD60080A6CC /* SplitInputView.swift in Sources */ = {isa = PBXBuildFile; fileRef = 260BA3CB2BA46AD60080A6CC /* SplitInputView.swift */; };
		264EF9CB2BA448D000FBAF07 /* SnapshotTesting in Frameworks */ = {isa = PBXBuildFile; productRef = 264EF9CA2BA448D000FBAF07 /* SnapshotTesting */; };
		264EF9CD2BA4490600FBAF07 /* CombineCocoa in Frameworks */ = {isa = PBXBuildFile; productRef = 264EF9CC2BA4490600FBAF07 /* CombineCocoa */; };
		26F376D72BA4413C00A1AC42 /* AppDelegate.swift in Sources */ = {isa = PBXBuildFile; fileRef = 26F376D62BA4413C00A1AC42 /* AppDelegate.swift */; };
		26F376D92BA4413C00A1AC42 /* SceneDelegate.swift in Sources */ = {isa = PBXBuildFile; fileRef = 26F376D82BA4413C00A1AC42 /* SceneDelegate.swift */; };
		26F376DB2BA4413C00A1AC42 /* CalculatorViewController.swift in Sources */ = {isa = PBXBuildFile; fileRef = 26F376DA2BA4413C00A1AC42 /* CalculatorViewController.swift */; };
		26F376E02BA4413D00A1AC42 /* Assets.xcassets in Resources */ = {isa = PBXBuildFile; fileRef = 26F376DF2BA4413D00A1AC42 /* Assets.xcassets */; };
		26F376E32BA4413D00A1AC42 /* LaunchScreen.storyboard in Resources */ = {isa = PBXBuildFile; fileRef = 26F376E12BA4413D00A1AC42 /* LaunchScreen.storyboard */; };
		26F376EE2BA4413D00A1AC42 /* tip_calculatorTests.swift in Sources */ = {isa = PBXBuildFile; fileRef = 26F376ED2BA4413D00A1AC42 /* tip_calculatorTests.swift */; };
		26F376F82BA4413D00A1AC42 /* tip_calculatorUITests.swift in Sources */ = {isa = PBXBuildFile; fileRef = 26F376F72BA4413D00A1AC42 /* tip_calculatorUITests.swift */; };
		26F376FA2BA4413D00A1AC42 /* tip_calculatorUITestsLaunchTests.swift in Sources */ = {isa = PBXBuildFile; fileRef = 26F376F92BA4413D00A1AC42 /* tip_calculatorUITestsLaunchTests.swift */; };
		26F377082BA4428200A1AC42 /* CombineCocoa in Frameworks */ = {isa = PBXBuildFile; productRef = 26F377072BA4428200A1AC42 /* CombineCocoa */; };
		26F3770B2BA4431A00A1AC42 /* SnapKit in Frameworks */ = {isa = PBXBuildFile; productRef = 26F3770A2BA4431A00A1AC42 /* SnapKit */; };
		26F3770D2BA4431A00A1AC42 /* SnapKit-Dynamic in Frameworks */ = {isa = PBXBuildFile; productRef = 26F3770C2BA4431A00A1AC42 /* SnapKit-Dynamic */; };
		26F377102BA4436D00A1AC42 /* CombineCocoa in Frameworks */ = {isa = PBXBuildFile; productRef = 26F3770F2BA4436D00A1AC42 /* CombineCocoa */; };
/* End PBXBuildFile section */

/* Begin PBXContainerItemProxy section */
		26F376EA2BA4413D00A1AC42 /* PBXContainerItemProxy */ = {
			isa = PBXContainerItemProxy;
			containerPortal = 26F376CB2BA4413C00A1AC42 /* Project object */;
			proxyType = 1;
			remoteGlobalIDString = 26F376D22BA4413C00A1AC42;
			remoteInfo = "tip-calculator";
		};
		26F376F42BA4413D00A1AC42 /* PBXContainerItemProxy */ = {
			isa = PBXContainerItemProxy;
			containerPortal = 26F376CB2BA4413C00A1AC42 /* Project object */;
			proxyType = 1;
			remoteGlobalIDString = 26F376D22BA4413C00A1AC42;
			remoteInfo = "tip-calculator";
		};
/* End PBXContainerItemProxy section */

/* Begin PBXFileReference section */
		260BA3C32BA4663D0080A6CC /* LogoView.swift */ = {isa = PBXFileReference; lastKnownFileType = sourcecode.swift; path = LogoView.swift; sourceTree = "<group>"; };
		260BA3C52BA46A700080A6CC /* ResultView.swift */ = {isa = PBXFileReference; lastKnownFileType = sourcecode.swift; path = ResultView.swift; sourceTree = "<group>"; };
		260BA3C72BA46A900080A6CC /* BillIntpuView.swift */ = {isa = PBXFileReference; lastKnownFileType = sourcecode.swift; path = BillIntpuView.swift; sourceTree = "<group>"; };
		260BA3C92BA46AB40080A6CC /* TipInputView.swift */ = {isa = PBXFileReference; lastKnownFileType = sourcecode.swift; path = TipInputView.swift; sourceTree = "<group>"; };
		260BA3CB2BA46AD60080A6CC /* SplitInputView.swift */ = {isa = PBXFileReference; lastKnownFileType = sourcecode.swift; path = SplitInputView.swift; sourceTree = "<group>"; };
		26F376D32BA4413C00A1AC42 /* tip-calculator.app */ = {isa = PBXFileReference; explicitFileType = wrapper.application; includeInIndex = 0; path = "tip-calculator.app"; sourceTree = BUILT_PRODUCTS_DIR; };
		26F376D62BA4413C00A1AC42 /* AppDelegate.swift */ = {isa = PBXFileReference; lastKnownFileType = sourcecode.swift; path = AppDelegate.swift; sourceTree = "<group>"; };
		26F376D82BA4413C00A1AC42 /* SceneDelegate.swift */ = {isa = PBXFileReference; lastKnownFileType = sourcecode.swift; path = SceneDelegate.swift; sourceTree = "<group>"; };
		26F376DA2BA4413C00A1AC42 /* CalculatorViewController.swift */ = {isa = PBXFileReference; lastKnownFileType = sourcecode.swift; path = CalculatorViewController.swift; sourceTree = "<group>"; };
		26F376DF2BA4413D00A1AC42 /* Assets.xcassets */ = {isa = PBXFileReference; lastKnownFileType = folder.assetcatalog; path = Assets.xcassets; sourceTree = "<group>"; };
		26F376E22BA4413D00A1AC42 /* Base */ = {isa = PBXFileReference; lastKnownFileType = file.storyboard; name = Base; path = Base.lproj/LaunchScreen.storyboard; sourceTree = "<group>"; };
		26F376E42BA4413D00A1AC42 /* Info.plist */ = {isa = PBXFileReference; lastKnownFileType = text.plist.xml; path = Info.plist; sourceTree = "<group>"; };
		26F376E92BA4413D00A1AC42 /* tip-calculatorTests.xctest */ = {isa = PBXFileReference; explicitFileType = wrapper.cfbundle; includeInIndex = 0; path = "tip-calculatorTests.xctest"; sourceTree = BUILT_PRODUCTS_DIR; };
		26F376ED2BA4413D00A1AC42 /* tip_calculatorTests.swift */ = {isa = PBXFileReference; lastKnownFileType = sourcecode.swift; path = tip_calculatorTests.swift; sourceTree = "<group>"; };
		26F376F32BA4413D00A1AC42 /* tip-calculatorUITests.xctest */ = {isa = PBXFileReference; explicitFileType = wrapper.cfbundle; includeInIndex = 0; path = "tip-calculatorUITests.xctest"; sourceTree = BUILT_PRODUCTS_DIR; };
		26F376F72BA4413D00A1AC42 /* tip_calculatorUITests.swift */ = {isa = PBXFileReference; lastKnownFileType = sourcecode.swift; path = tip_calculatorUITests.swift; sourceTree = "<group>"; };
		26F376F92BA4413D00A1AC42 /* tip_calculatorUITestsLaunchTests.swift */ = {isa = PBXFileReference; lastKnownFileType = sourcecode.swift; path = tip_calculatorUITestsLaunchTests.swift; sourceTree = "<group>"; };
/* End PBXFileReference section */

/* Begin PBXFrameworksBuildPhase section */
		26F376D02BA4413C00A1AC42 /* Frameworks */ = {
			isa = PBXFrameworksBuildPhase;
			buildActionMask = 2147483647;
			files = (
				26F377082BA4428200A1AC42 /* CombineCocoa in Frameworks */,
				26F3770B2BA4431A00A1AC42 /* SnapKit in Frameworks */,
				26F3770D2BA4431A00A1AC42 /* SnapKit-Dynamic in Frameworks */,
			);
			runOnlyForDeploymentPostprocessing = 0;
		};
		26F376E62BA4413D00A1AC42 /* Frameworks */ = {
			isa = PBXFrameworksBuildPhase;
			buildActionMask = 2147483647;
			files = (
				264EF9CB2BA448D000FBAF07 /* SnapshotTesting in Frameworks */,
				26F377102BA4436D00A1AC42 /* CombineCocoa in Frameworks */,
			);
			runOnlyForDeploymentPostprocessing = 0;
		};
		26F376F02BA4413D00A1AC42 /* Frameworks */ = {
			isa = PBXFrameworksBuildPhase;
			buildActionMask = 2147483647;
			files = (
				264EF9CD2BA4490600FBAF07 /* CombineCocoa in Frameworks */,
			);
			runOnlyForDeploymentPostprocessing = 0;
		};
/* End PBXFrameworksBuildPhase section */

/* Begin PBXGroup section */
		260BA3C22BA466280080A6CC /* View */ = {
			isa = PBXGroup;
			children = (
				260BA3C32BA4663D0080A6CC /* LogoView.swift */,
				260BA3C52BA46A700080A6CC /* ResultView.swift */,
				260BA3C72BA46A900080A6CC /* BillIntpuView.swift */,
				260BA3C92BA46AB40080A6CC /* TipInputView.swift */,
				260BA3CB2BA46AD60080A6CC /* SplitInputView.swift */,
			);
			path = View;
			sourceTree = "<group>";
		};
		260BA3CD2BA475670080A6CC /* Configuration */ = {
			isa = PBXGroup;
			children = (
			);
			path = Configuration;
			sourceTree = "<group>";
		};
		26F376CA2BA4413C00A1AC42 = {
			isa = PBXGroup;
			children = (
				26F376D52BA4413C00A1AC42 /* tip-calculator */,
				26F376EC2BA4413D00A1AC42 /* tip-calculatorTests */,
				26F376F62BA4413D00A1AC42 /* tip-calculatorUITests */,
				26F376D42BA4413C00A1AC42 /* Products */,
				26F3770E2BA4436D00A1AC42 /* Frameworks */,
			);
			sourceTree = "<group>";
		};
		26F376D42BA4413C00A1AC42 /* Products */ = {
			isa = PBXGroup;
			children = (
				26F376D32BA4413C00A1AC42 /* tip-calculator.app */,
				26F376E92BA4413D00A1AC42 /* tip-calculatorTests.xctest */,
				26F376F32BA4413D00A1AC42 /* tip-calculatorUITests.xctest */,
			);
			name = Products;
			sourceTree = "<group>";
		};
		26F376D52BA4413C00A1AC42 /* tip-calculator */ = {
			isa = PBXGroup;
			children = (
				260BA3CD2BA475670080A6CC /* Configuration */,
				260BA3C22BA466280080A6CC /* View */,
				26F376D62BA4413C00A1AC42 /* AppDelegate.swift */,
				26F376D82BA4413C00A1AC42 /* SceneDelegate.swift */,
				26F376DA2BA4413C00A1AC42 /* CalculatorViewController.swift */,
				26F376DF2BA4413D00A1AC42 /* Assets.xcassets */,
				26F376E12BA4413D00A1AC42 /* LaunchScreen.storyboard */,
				26F376E42BA4413D00A1AC42 /* Info.plist */,
			);
			path = "tip-calculator";
			sourceTree = "<group>";
		};
		26F376EC2BA4413D00A1AC42 /* tip-calculatorTests */ = {
			isa = PBXGroup;
			children = (
				26F376ED2BA4413D00A1AC42 /* tip_calculatorTests.swift */,
			);
			path = "tip-calculatorTests";
			sourceTree = "<group>";
		};
		26F376F62BA4413D00A1AC42 /* tip-calculatorUITests */ = {
			isa = PBXGroup;
			children = (
				26F376F72BA4413D00A1AC42 /* tip_calculatorUITests.swift */,
				26F376F92BA4413D00A1AC42 /* tip_calculatorUITestsLaunchTests.swift */,
			);
			path = "tip-calculatorUITests";
			sourceTree = "<group>";
		};
		26F3770E2BA4436D00A1AC42 /* Frameworks */ = {
			isa = PBXGroup;
			children = (
			);
			name = Frameworks;
			sourceTree = "<group>";
		};
/* End PBXGroup section */

/* Begin PBXNativeTarget section */
		26F376D22BA4413C00A1AC42 /* tip-calculator */ = {
			isa = PBXNativeTarget;
			buildConfigurationList = 26F376FD2BA4413D00A1AC42 /* Build configuration list for PBXNativeTarget "tip-calculator" */;
			buildPhases = (
				26F376CF2BA4413C00A1AC42 /* Sources */,
				26F376D02BA4413C00A1AC42 /* Frameworks */,
				26F376D12BA4413C00A1AC42 /* Resources */,
			);
			buildRules = (
			);
			dependencies = (
			);
			name = "tip-calculator";
			packageProductDependencies = (
				26F377072BA4428200A1AC42 /* CombineCocoa */,
				26F3770A2BA4431A00A1AC42 /* SnapKit */,
				26F3770C2BA4431A00A1AC42 /* SnapKit-Dynamic */,
			);
			productName = "tip-calculator";
			productReference = 26F376D32BA4413C00A1AC42 /* tip-calculator.app */;
			productType = "com.apple.product-type.application";
		};
		26F376E82BA4413D00A1AC42 /* tip-calculatorTests */ = {
			isa = PBXNativeTarget;
			buildConfigurationList = 26F377002BA4413D00A1AC42 /* Build configuration list for PBXNativeTarget "tip-calculatorTests" */;
			buildPhases = (
				26F376E52BA4413D00A1AC42 /* Sources */,
				26F376E62BA4413D00A1AC42 /* Frameworks */,
				26F376E72BA4413D00A1AC42 /* Resources */,
			);
			buildRules = (
			);
			dependencies = (
				26F376EB2BA4413D00A1AC42 /* PBXTargetDependency */,
			);
			name = "tip-calculatorTests";
			packageProductDependencies = (
				26F3770F2BA4436D00A1AC42 /* CombineCocoa */,
				264EF9CA2BA448D000FBAF07 /* SnapshotTesting */,
			);
			productName = "tip-calculatorTests";
			productReference = 26F376E92BA4413D00A1AC42 /* tip-calculatorTests.xctest */;
			productType = "com.apple.product-type.bundle.unit-test";
		};
		26F376F22BA4413D00A1AC42 /* tip-calculatorUITests */ = {
			isa = PBXNativeTarget;
			buildConfigurationList = 26F377032BA4413D00A1AC42 /* Build configuration list for PBXNativeTarget "tip-calculatorUITests" */;
			buildPhases = (
				26F376EF2BA4413D00A1AC42 /* Sources */,
				26F376F02BA4413D00A1AC42 /* Frameworks */,
				26F376F12BA4413D00A1AC42 /* Resources */,
			);
			buildRules = (
			);
			dependencies = (
				26F376F52BA4413D00A1AC42 /* PBXTargetDependency */,
			);
			name = "tip-calculatorUITests";
			packageProductDependencies = (
				264EF9CC2BA4490600FBAF07 /* CombineCocoa */,
			);
			productName = "tip-calculatorUITests";
			productReference = 26F376F32BA4413D00A1AC42 /* tip-calculatorUITests.xctest */;
			productType = "com.apple.product-type.bundle.ui-testing";
		};
/* End PBXNativeTarget section */

/* Begin PBXProject section */
		26F376CB2BA4413C00A1AC42 /* Project object */ = {
			isa = PBXProject;
			attributes = {
				BuildIndependentTargetsInParallel = 1;
				LastSwiftUpdateCheck = 1520;
				LastUpgradeCheck = 1520;
				TargetAttributes = {
					26F376D22BA4413C00A1AC42 = {
						CreatedOnToolsVersion = 15.2;
					};
					26F376E82BA4413D00A1AC42 = {
						CreatedOnToolsVersion = 15.2;
						TestTargetID = 26F376D22BA4413C00A1AC42;
					};
					26F376F22BA4413D00A1AC42 = {
						CreatedOnToolsVersion = 15.2;
						TestTargetID = 26F376D22BA4413C00A1AC42;
					};
				};
			};
			buildConfigurationList = 26F376CE2BA4413C00A1AC42 /* Build configuration list for PBXProject "tip-calculator" */;
			compatibilityVersion = "Xcode 14.0";
			developmentRegion = en;
			hasScannedForEncodings = 0;
			knownRegions = (
				en,
				Base,
			);
			mainGroup = 26F376CA2BA4413C00A1AC42;
			packageReferences = (
				26F377062BA4428200A1AC42 /* XCRemoteSwiftPackageReference "CombineCocoa" */,
				26F377092BA4431A00A1AC42 /* XCRemoteSwiftPackageReference "SnapKit" */,
				264EF9C72BA448D000FBAF07 /* XCRemoteSwiftPackageReference "swift-snapshot-testing" */,
			);
			productRefGroup = 26F376D42BA4413C00A1AC42 /* Products */;
			projectDirPath = "";
			projectRoot = "";
			targets = (
				26F376D22BA4413C00A1AC42 /* tip-calculator */,
				26F376E82BA4413D00A1AC42 /* tip-calculatorTests */,
				26F376F22BA4413D00A1AC42 /* tip-calculatorUITests */,
			);
		};
/* End PBXProject section */

/* Begin PBXResourcesBuildPhase section */
		26F376D12BA4413C00A1AC42 /* Resources */ = {
			isa = PBXResourcesBuildPhase;
			buildActionMask = 2147483647;
			files = (
				26F376E32BA4413D00A1AC42 /* LaunchScreen.storyboard in Resources */,
				26F376E02BA4413D00A1AC42 /* Assets.xcassets in Resources */,
			);
			runOnlyForDeploymentPostprocessing = 0;
		};
		26F376E72BA4413D00A1AC42 /* Resources */ = {
			isa = PBXResourcesBuildPhase;
			buildActionMask = 2147483647;
			files = (
			);
			runOnlyForDeploymentPostprocessing = 0;
		};
		26F376F12BA4413D00A1AC42 /* Resources */ = {
			isa = PBXResourcesBuildPhase;
			buildActionMask = 2147483647;
			files = (
			);
			runOnlyForDeploymentPostprocessing = 0;
		};
/* End PBXResourcesBuildPhase section */

/* Begin PBXSourcesBuildPhase section */
		26F376CF2BA4413C00A1AC42 /* Sources */ = {
			isa = PBXSourcesBuildPhase;
			buildActionMask = 2147483647;
			files = (
				260BA3C82BA46A900080A6CC /* BillIntpuView.swift in Sources */,
				26F376DB2BA4413C00A1AC42 /* CalculatorViewController.swift in Sources */,
				260BA3C42BA4663D0080A6CC /* LogoView.swift in Sources */,
				260BA3C62BA46A700080A6CC /* ResultView.swift in Sources */,
				26F376D72BA4413C00A1AC42 /* AppDelegate.swift in Sources */,
				26F376D92BA4413C00A1AC42 /* SceneDelegate.swift in Sources */,
				260BA3CC2BA46AD60080A6CC /* SplitInputView.swift in Sources */,
				260BA3CA2BA46AB40080A6CC /* TipInputView.swift in Sources */,
			);
			runOnlyForDeploymentPostprocessing = 0;
		};
		26F376E52BA4413D00A1AC42 /* Sources */ = {
			isa = PBXSourcesBuildPhase;
			buildActionMask = 2147483647;
			files = (
				26F376EE2BA4413D00A1AC42 /* tip_calculatorTests.swift in Sources */,
			);
			runOnlyForDeploymentPostprocessing = 0;
		};
		26F376EF2BA4413D00A1AC42 /* Sources */ = {
			isa = PBXSourcesBuildPhase;
			buildActionMask = 2147483647;
			files = (
				26F376FA2BA4413D00A1AC42 /* tip_calculatorUITestsLaunchTests.swift in Sources */,
				26F376F82BA4413D00A1AC42 /* tip_calculatorUITests.swift in Sources */,
			);
			runOnlyForDeploymentPostprocessing = 0;
		};
/* End PBXSourcesBuildPhase section */

/* Begin PBXTargetDependency section */
		26F376EB2BA4413D00A1AC42 /* PBXTargetDependency */ = {
			isa = PBXTargetDependency;
			target = 26F376D22BA4413C00A1AC42 /* tip-calculator */;
			targetProxy = 26F376EA2BA4413D00A1AC42 /* PBXContainerItemProxy */;
		};
		26F376F52BA4413D00A1AC42 /* PBXTargetDependency */ = {
			isa = PBXTargetDependency;
			target = 26F376D22BA4413C00A1AC42 /* tip-calculator */;
			targetProxy = 26F376F42BA4413D00A1AC42 /* PBXContainerItemProxy */;
		};
/* End PBXTargetDependency section */

/* Begin PBXVariantGroup section */
		26F376E12BA4413D00A1AC42 /* LaunchScreen.storyboard */ = {
			isa = PBXVariantGroup;
			children = (
				26F376E22BA4413D00A1AC42 /* Base */,
			);
			name = LaunchScreen.storyboard;
			sourceTree = "<group>";
		};
/* End PBXVariantGroup section */

/* Begin XCBuildConfiguration section */
		26F376FB2BA4413D00A1AC42 /* Debug */ = {
			isa = XCBuildConfiguration;
			buildSettings = {
				ALWAYS_SEARCH_USER_PATHS = NO;
				ASSETCATALOG_COMPILER_GENERATE_SWIFT_ASSET_SYMBOL_EXTENSIONS = YES;
				CLANG_ANALYZER_NONNULL = YES;
				CLANG_ANALYZER_NUMBER_OBJECT_CONVERSION = YES_AGGRESSIVE;
				CLANG_CXX_LANGUAGE_STANDARD = "gnu++20";
				CLANG_ENABLE_MODULES = YES;
				CLANG_ENABLE_OBJC_ARC = YES;
				CLANG_ENABLE_OBJC_WEAK = YES;
				CLANG_WARN_BLOCK_CAPTURE_AUTORELEASING = YES;
				CLANG_WARN_BOOL_CONVERSION = YES;
				CLANG_WARN_COMMA = YES;
				CLANG_WARN_CONSTANT_CONVERSION = YES;
				CLANG_WARN_DEPRECATED_OBJC_IMPLEMENTATIONS = YES;
				CLANG_WARN_DIRECT_OBJC_ISA_USAGE = YES_ERROR;
				CLANG_WARN_DOCUMENTATION_COMMENTS = YES;
				CLANG_WARN_EMPTY_BODY = YES;
				CLANG_WARN_ENUM_CONVERSION = YES;
				CLANG_WARN_INFINITE_RECURSION = YES;
				CLANG_WARN_INT_CONVERSION = YES;
				CLANG_WARN_NON_LITERAL_NULL_CONVERSION = YES;
				CLANG_WARN_OBJC_IMPLICIT_RETAIN_SELF = YES;
				CLANG_WARN_OBJC_LITERAL_CONVERSION = YES;
				CLANG_WARN_OBJC_ROOT_CLASS = YES_ERROR;
				CLANG_WARN_QUOTED_INCLUDE_IN_FRAMEWORK_HEADER = YES;
				CLANG_WARN_RANGE_LOOP_ANALYSIS = YES;
				CLANG_WARN_STRICT_PROTOTYPES = YES;
				CLANG_WARN_SUSPICIOUS_MOVE = YES;
				CLANG_WARN_UNGUARDED_AVAILABILITY = YES_AGGRESSIVE;
				CLANG_WARN_UNREACHABLE_CODE = YES;
				CLANG_WARN__DUPLICATE_METHOD_MATCH = YES;
				COPY_PHASE_STRIP = NO;
				DEBUG_INFORMATION_FORMAT = dwarf;
				ENABLE_STRICT_OBJC_MSGSEND = YES;
				ENABLE_TESTABILITY = YES;
				ENABLE_USER_SCRIPT_SANDBOXING = YES;
				GCC_C_LANGUAGE_STANDARD = gnu17;
				GCC_DYNAMIC_NO_PIC = NO;
				GCC_NO_COMMON_BLOCKS = YES;
				GCC_OPTIMIZATION_LEVEL = 0;
				GCC_PREPROCESSOR_DEFINITIONS = (
					"DEBUG=1",
					"$(inherited)",
				);
				GCC_WARN_64_TO_32_BIT_CONVERSION = YES;
				GCC_WARN_ABOUT_RETURN_TYPE = YES_ERROR;
				GCC_WARN_UNDECLARED_SELECTOR = YES;
				GCC_WARN_UNINITIALIZED_AUTOS = YES_AGGRESSIVE;
				GCC_WARN_UNUSED_FUNCTION = YES;
				GCC_WARN_UNUSED_VARIABLE = YES;
				IPHONEOS_DEPLOYMENT_TARGET = 17.2;
				LOCALIZATION_PREFERS_STRING_CATALOGS = YES;
				MTL_ENABLE_DEBUG_INFO = INCLUDE_SOURCE;
				MTL_FAST_MATH = YES;
				ONLY_ACTIVE_ARCH = YES;
				SDKROOT = iphoneos;
				SWIFT_ACTIVE_COMPILATION_CONDITIONS = "DEBUG $(inherited)";
				SWIFT_OPTIMIZATION_LEVEL = "-Onone";
			};
			name = Debug;
		};
		26F376FC2BA4413D00A1AC42 /* Release */ = {
			isa = XCBuildConfiguration;
			buildSettings = {
				ALWAYS_SEARCH_USER_PATHS = NO;
				ASSETCATALOG_COMPILER_GENERATE_SWIFT_ASSET_SYMBOL_EXTENSIONS = YES;
				CLANG_ANALYZER_NONNULL = YES;
				CLANG_ANALYZER_NUMBER_OBJECT_CONVERSION = YES_AGGRESSIVE;
				CLANG_CXX_LANGUAGE_STANDARD = "gnu++20";
				CLANG_ENABLE_MODULES = YES;
				CLANG_ENABLE_OBJC_ARC = YES;
				CLANG_ENABLE_OBJC_WEAK = YES;
				CLANG_WARN_BLOCK_CAPTURE_AUTORELEASING = YES;
				CLANG_WARN_BOOL_CONVERSION = YES;
				CLANG_WARN_COMMA = YES;
				CLANG_WARN_CONSTANT_CONVERSION = YES;
				CLANG_WARN_DEPRECATED_OBJC_IMPLEMENTATIONS = YES;
				CLANG_WARN_DIRECT_OBJC_ISA_USAGE = YES_ERROR;
				CLANG_WARN_DOCUMENTATION_COMMENTS = YES;
				CLANG_WARN_EMPTY_BODY = YES;
				CLANG_WARN_ENUM_CONVERSION = YES;
				CLANG_WARN_INFINITE_RECURSION = YES;
				CLANG_WARN_INT_CONVERSION = YES;
				CLANG_WARN_NON_LITERAL_NULL_CONVERSION = YES;
				CLANG_WARN_OBJC_IMPLICIT_RETAIN_SELF = YES;
				CLANG_WARN_OBJC_LITERAL_CONVERSION = YES;
				CLANG_WARN_OBJC_ROOT_CLASS = YES_ERROR;
				CLANG_WARN_QUOTED_INCLUDE_IN_FRAMEWORK_HEADER = YES;
				CLANG_WARN_RANGE_LOOP_ANALYSIS = YES;
				CLANG_WARN_STRICT_PROTOTYPES = YES;
				CLANG_WARN_SUSPICIOUS_MOVE = YES;
				CLANG_WARN_UNGUARDED_AVAILABILITY = YES_AGGRESSIVE;
				CLANG_WARN_UNREACHABLE_CODE = YES;
				CLANG_WARN__DUPLICATE_METHOD_MATCH = YES;
				COPY_PHASE_STRIP = NO;
				DEBUG_INFORMATION_FORMAT = "dwarf-with-dsym";
				ENABLE_NS_ASSERTIONS = NO;
				ENABLE_STRICT_OBJC_MSGSEND = YES;
				ENABLE_USER_SCRIPT_SANDBOXING = YES;
				GCC_C_LANGUAGE_STANDARD = gnu17;
				GCC_NO_COMMON_BLOCKS = YES;
				GCC_WARN_64_TO_32_BIT_CONVERSION = YES;
				GCC_WARN_ABOUT_RETURN_TYPE = YES_ERROR;
				GCC_WARN_UNDECLARED_SELECTOR = YES;
				GCC_WARN_UNINITIALIZED_AUTOS = YES_AGGRESSIVE;
				GCC_WARN_UNUSED_FUNCTION = YES;
				GCC_WARN_UNUSED_VARIABLE = YES;
				IPHONEOS_DEPLOYMENT_TARGET = 17.2;
				LOCALIZATION_PREFERS_STRING_CATALOGS = YES;
				MTL_ENABLE_DEBUG_INFO = NO;
				MTL_FAST_MATH = YES;
				SDKROOT = iphoneos;
				SWIFT_COMPILATION_MODE = wholemodule;
				VALIDATE_PRODUCT = YES;
			};
			name = Release;
		};
		26F376FE2BA4413D00A1AC42 /* Debug */ = {
			isa = XCBuildConfiguration;
			buildSettings = {
				ASSETCATALOG_COMPILER_APPICON_NAME = AppIcon;
				ASSETCATALOG_COMPILER_GLOBAL_ACCENT_COLOR_NAME = AccentColor;
				CODE_SIGN_STYLE = Automatic;
				CURRENT_PROJECT_VERSION = 1;
				DEVELOPMENT_TEAM = 573XWKU3VP;
				GENERATE_INFOPLIST_FILE = YES;
				INFOPLIST_FILE = "tip-calculator/Info.plist";
				INFOPLIST_KEY_UIApplicationSupportsIndirectInputEvents = YES;
				INFOPLIST_KEY_UILaunchStoryboardName = LaunchScreen;
				INFOPLIST_KEY_UISupportedInterfaceOrientations_iPad = "UIInterfaceOrientationPortrait UIInterfaceOrientationPortraitUpsideDown UIInterfaceOrientationLandscapeLeft UIInterfaceOrientationLandscapeRight";
				INFOPLIST_KEY_UISupportedInterfaceOrientations_iPhone = "UIInterfaceOrientationPortrait UIInterfaceOrientationLandscapeLeft UIInterfaceOrientationLandscapeRight";
				LD_RUNPATH_SEARCH_PATHS = (
					"$(inherited)",
					"@executable_path/Frameworks",
				);
				MARKETING_VERSION = 1.0;
				PRODUCT_BUNDLE_IDENTIFIER = "udemy.buchkoff.org.tip-calculator";
				PRODUCT_NAME = "$(TARGET_NAME)";
				SWIFT_EMIT_LOC_STRINGS = YES;
				SWIFT_VERSION = 5.0;
				TARGETED_DEVICE_FAMILY = "1,2";
			};
			name = Debug;
		};
		26F376FF2BA4413D00A1AC42 /* Release */ = {
			isa = XCBuildConfiguration;
			buildSettings = {
				ASSETCATALOG_COMPILER_APPICON_NAME = AppIcon;
				ASSETCATALOG_COMPILER_GLOBAL_ACCENT_COLOR_NAME = AccentColor;
				CODE_SIGN_STYLE = Automatic;
				CURRENT_PROJECT_VERSION = 1;
				DEVELOPMENT_TEAM = 573XWKU3VP;
				GENERATE_INFOPLIST_FILE = YES;
				INFOPLIST_FILE = "tip-calculator/Info.plist";
				INFOPLIST_KEY_UIApplicationSupportsIndirectInputEvents = YES;
				INFOPLIST_KEY_UILaunchStoryboardName = LaunchScreen;
				INFOPLIST_KEY_UISupportedInterfaceOrientations_iPad = "UIInterfaceOrientationPortrait UIInterfaceOrientationPortraitUpsideDown UIInterfaceOrientationLandscapeLeft UIInterfaceOrientationLandscapeRight";
				INFOPLIST_KEY_UISupportedInterfaceOrientations_iPhone = "UIInterfaceOrientationPortrait UIInterfaceOrientationLandscapeLeft UIInterfaceOrientationLandscapeRight";
				LD_RUNPATH_SEARCH_PATHS = (
					"$(inherited)",
					"@executable_path/Frameworks",
				);
				MARKETING_VERSION = 1.0;
				PRODUCT_BUNDLE_IDENTIFIER = "udemy.buchkoff.org.tip-calculator";
				PRODUCT_NAME = "$(TARGET_NAME)";
				SWIFT_EMIT_LOC_STRINGS = YES;
				SWIFT_VERSION = 5.0;
				TARGETED_DEVICE_FAMILY = "1,2";
			};
			name = Release;
		};
		26F377012BA4413D00A1AC42 /* Debug */ = {
			isa = XCBuildConfiguration;
			buildSettings = {
				ALWAYS_EMBED_SWIFT_STANDARD_LIBRARIES = YES;
				BUNDLE_LOADER = "$(TEST_HOST)";
				CODE_SIGN_STYLE = Automatic;
				CURRENT_PROJECT_VERSION = 1;
				DEVELOPMENT_TEAM = 573XWKU3VP;
				GENERATE_INFOPLIST_FILE = YES;
				IPHONEOS_DEPLOYMENT_TARGET = 17.2;
				MARKETING_VERSION = 1.0;
				PRODUCT_BUNDLE_IDENTIFIER = "udemy.buchkoff.org.tip-calculatorTests";
				PRODUCT_NAME = "$(TARGET_NAME)";
				SWIFT_EMIT_LOC_STRINGS = NO;
				SWIFT_VERSION = 5.0;
				TARGETED_DEVICE_FAMILY = "1,2";
				TEST_HOST = "$(BUILT_PRODUCTS_DIR)/tip-calculator.app/$(BUNDLE_EXECUTABLE_FOLDER_PATH)/tip-calculator";
			};
			name = Debug;
		};
		26F377022BA4413D00A1AC42 /* Release */ = {
			isa = XCBuildConfiguration;
			buildSettings = {
				ALWAYS_EMBED_SWIFT_STANDARD_LIBRARIES = YES;
				BUNDLE_LOADER = "$(TEST_HOST)";
				CODE_SIGN_STYLE = Automatic;
				CURRENT_PROJECT_VERSION = 1;
				DEVELOPMENT_TEAM = 573XWKU3VP;
				GENERATE_INFOPLIST_FILE = YES;
				IPHONEOS_DEPLOYMENT_TARGET = 17.2;
				MARKETING_VERSION = 1.0;
				PRODUCT_BUNDLE_IDENTIFIER = "udemy.buchkoff.org.tip-calculatorTests";
				PRODUCT_NAME = "$(TARGET_NAME)";
				SWIFT_EMIT_LOC_STRINGS = NO;
				SWIFT_VERSION = 5.0;
				TARGETED_DEVICE_FAMILY = "1,2";
				TEST_HOST = "$(BUILT_PRODUCTS_DIR)/tip-calculator.app/$(BUNDLE_EXECUTABLE_FOLDER_PATH)/tip-calculator";
			};
			name = Release;
		};
		26F377042BA4413D00A1AC42 /* Debug */ = {
			isa = XCBuildConfiguration;
			buildSettings = {
				ALWAYS_EMBED_SWIFT_STANDARD_LIBRARIES = YES;
				CODE_SIGN_STYLE = Automatic;
				CURRENT_PROJECT_VERSION = 1;
				DEVELOPMENT_TEAM = 573XWKU3VP;
				GENERATE_INFOPLIST_FILE = YES;
				MARKETING_VERSION = 1.0;
				PRODUCT_BUNDLE_IDENTIFIER = "udemy.buchkoff.org.tip-calculatorUITests";
				PRODUCT_NAME = "$(TARGET_NAME)";
				SWIFT_EMIT_LOC_STRINGS = NO;
				SWIFT_VERSION = 5.0;
				TARGETED_DEVICE_FAMILY = "1,2";
				TEST_TARGET_NAME = "tip-calculator";
			};
			name = Debug;
		};
		26F377052BA4413D00A1AC42 /* Release */ = {
			isa = XCBuildConfiguration;
			buildSettings = {
				ALWAYS_EMBED_SWIFT_STANDARD_LIBRARIES = YES;
				CODE_SIGN_STYLE = Automatic;
				CURRENT_PROJECT_VERSION = 1;
				DEVELOPMENT_TEAM = 573XWKU3VP;
				GENERATE_INFOPLIST_FILE = YES;
				MARKETING_VERSION = 1.0;
				PRODUCT_BUNDLE_IDENTIFIER = "udemy.buchkoff.org.tip-calculatorUITests";
				PRODUCT_NAME = "$(TARGET_NAME)";
				SWIFT_EMIT_LOC_STRINGS = NO;
				SWIFT_VERSION = 5.0;
				TARGETED_DEVICE_FAMILY = "1,2";
				TEST_TARGET_NAME = "tip-calculator";
			};
			name = Release;
		};
/* End XCBuildConfiguration section */

/* Begin XCConfigurationList section */
		26F376CE2BA4413C00A1AC42 /* Build configuration list for PBXProject "tip-calculator" */ = {
			isa = XCConfigurationList;
			buildConfigurations = (
				26F376FB2BA4413D00A1AC42 /* Debug */,
				26F376FC2BA4413D00A1AC42 /* Release */,
			);
			defaultConfigurationIsVisible = 0;
			defaultConfigurationName = Release;
		};
		26F376FD2BA4413D00A1AC42 /* Build configuration list for PBXNativeTarget "tip-calculator" */ = {
			isa = XCConfigurationList;
			buildConfigurations = (
				26F376FE2BA4413D00A1AC42 /* Debug */,
				26F376FF2BA4413D00A1AC42 /* Release */,
			);
			defaultConfigurationIsVisible = 0;
			defaultConfigurationName = Release;
		};
		26F377002BA4413D00A1AC42 /* Build configuration list for PBXNativeTarget "tip-calculatorTests" */ = {
			isa = XCConfigurationList;
			buildConfigurations = (
				26F377012BA4413D00A1AC42 /* Debug */,
				26F377022BA4413D00A1AC42 /* Release */,
			);
			defaultConfigurationIsVisible = 0;
			defaultConfigurationName = Release;
		};
		26F377032BA4413D00A1AC42 /* Build configuration list for PBXNativeTarget "tip-calculatorUITests" */ = {
			isa = XCConfigurationList;
			buildConfigurations = (
				26F377042BA4413D00A1AC42 /* Debug */,
				26F377052BA4413D00A1AC42 /* Release */,
			);
			defaultConfigurationIsVisible = 0;
			defaultConfigurationName = Release;
		};
/* End XCConfigurationList section */

/* Begin XCRemoteSwiftPackageReference section */
		264EF9C72BA448D000FBAF07 /* XCRemoteSwiftPackageReference "swift-snapshot-testing" */ = {
			isa = XCRemoteSwiftPackageReference;
			repositoryURL = "https://github.com/pointfreeco/swift-snapshot-testing";
			requirement = {
				kind = upToNextMinorVersion;
				minimumVersion = 1.15.4;
			};
		};
		26F377062BA4428200A1AC42 /* XCRemoteSwiftPackageReference "CombineCocoa" */ = {
			isa = XCRemoteSwiftPackageReference;
			repositoryURL = "https://github.com/CombineCommunity/CombineCocoa";
			requirement = {
				kind = upToNextMinorVersion;
				minimumVersion = 0.4.1;
			};
		};
		26F377092BA4431A00A1AC42 /* XCRemoteSwiftPackageReference "SnapKit" */ = {
			isa = XCRemoteSwiftPackageReference;
			repositoryURL = "https://github.com/SnapKit/SnapKit";
			requirement = {
				kind = upToNextMinorVersion;
				minimumVersion = 5.7.1;
			};
		};
/* End XCRemoteSwiftPackageReference section */

/* Begin XCSwiftPackageProductDependency section */
		264EF9CA2BA448D000FBAF07 /* SnapshotTesting */ = {
			isa = XCSwiftPackageProductDependency;
			package = 264EF9C72BA448D000FBAF07 /* XCRemoteSwiftPackageReference "swift-snapshot-testing" */;
			productName = SnapshotTesting;
		};
		264EF9CC2BA4490600FBAF07 /* CombineCocoa */ = {
			isa = XCSwiftPackageProductDependency;
			package = 26F377062BA4428200A1AC42 /* XCRemoteSwiftPackageReference "CombineCocoa" */;
			productName = CombineCocoa;
		};
		26F377072BA4428200A1AC42 /* CombineCocoa */ = {
			isa = XCSwiftPackageProductDependency;
			package = 26F377062BA4428200A1AC42 /* XCRemoteSwiftPackageReference "CombineCocoa" */;
			productName = CombineCocoa;
		};
		26F3770A2BA4431A00A1AC42 /* SnapKit */ = {
			isa = XCSwiftPackageProductDependency;
			package = 26F377092BA4431A00A1AC42 /* XCRemoteSwiftPackageReference "SnapKit" */;
			productName = SnapKit;
		};
		26F3770C2BA4431A00A1AC42 /* SnapKit-Dynamic */ = {
			isa = XCSwiftPackageProductDependency;
			package = 26F377092BA4431A00A1AC42 /* XCRemoteSwiftPackageReference "SnapKit" */;
			productName = "SnapKit-Dynamic";
		};
		26F3770F2BA4436D00A1AC42 /* CombineCocoa */ = {
			isa = XCSwiftPackageProductDependency;
			package = 26F377062BA4428200A1AC42 /* XCRemoteSwiftPackageReference "CombineCocoa" */;
			productName = CombineCocoa;
		};
/* End XCSwiftPackageProductDependency section */
	};
	rootObject = 26F376CB2BA4413C00A1AC42 /* Project object */;
}
